
Microsoft Visual Studio Solution File, Format Version 12.00
# Visual Studio Version 17
VisualStudioVersion = 17.10.35013.160
MinimumVisualStudioVersion = 10.0.40219.1
Project("{FAE04EC0-301F-11D3-BF4B-00C04F79EFBC}") = "DiceDictionaryGame", "DiceDictionaryGame.csproj", "{AE755A0C-E24C-4AA4-B1CD-3D5965D5AD99}"
EndProject
Project("{FAE04EC0-301F-11D3-BF4B-00C04F79EFBC}") = "LinkedListDemo", "..\LinkedListDemo\LinkedListDemo.csproj", "{31D818DF-B262-4E9D-A985-99A8A3AD1E3B}"
EndProject
Global
	GlobalSection(SolutionConfigurationPlatforms) = preSolution
		Debug|Any CPU = Debug|Any CPU
		Release|Any CPU = Release|Any CPU
	EndGlobalSection
	GlobalSection(ProjectConfigurationPlatforms) = postSolution
		{AE755A0C-E24C-4AA4-B1CD-3D5965D5AD99}.Debug|Any CPU.ActiveCfg = Debug|Any CPU
		{AE755A0C-E24C-4AA4-B1CD-3D5965D5AD99}.Debug|Any CPU.Build.0 = Debug|Any CPU
		{AE755A0C-E24C-4AA4-B1CD-3D5965D5AD99}.Release|Any CPU.ActiveCfg = Release|Any CPU
		{AE755A0C-E24C-4AA4-B1CD-3D5965D5AD99}.Release|Any CPU.Build.0 = Release|Any CPU
		{31D818DF-B262-4E9D-A985-99A8A3AD1E3B}.Debug|Any CPU.ActiveCfg = Debug|Any CPU
		{31D818DF-B262-4E9D-A985-99A8A3AD1E3B}.Debug|Any CPU.Build.0 = Debug|Any CPU
		{31D818DF-B262-4E9D-A985-99A8A3AD1E3B}.Release|Any CPU.ActiveCfg = Release|Any CPU
		{31D818DF-B262-4E9D-A985-99A8A3AD1E3B}.Release|Any CPU.Build.0 = Release|Any CPU
	EndGlobalSection
	GlobalSection(SolutionProperties) = preSolution
		HideSolutionNode = FALSE
	EndGlobalSection
	GlobalSection(ExtensibilityGlobals) = postSolution
		SolutionGuid = {E1F051A9-2323-46F4-A46E-768C3A83D50C}
	EndGlobalSection
EndGlobal
